// !$*UTF8*$!
{
	archiveVersion = 1;
	classes = {
	};
	objectVersion = 48;
	objects = {

/* Begin PBXBuildFile section */
		4F4B351D3202B36ABF6792D3 /* Pods_DogDay.framework in Frameworks */ = {isa = PBXBuildFile; fileRef = B4C7BBC6A21AEAA99F87BEE5 /* Pods_DogDay.framework */; };
		63056A041FCEF5110092B54B /* LauchScreenViewController.swift in Sources */ = {isa = PBXBuildFile; fileRef = 63056A031FCEF5110092B54B /* LauchScreenViewController.swift */; };
		63056A061FCEF9DF0092B54B /* LaunchScreen.xib in Resources */ = {isa = PBXBuildFile; fileRef = 63056A051FCEF9DF0092B54B /* LaunchScreen.xib */; };
		631E7CAB1F92361A007CB73E /* BaseViewController.swift in Sources */ = {isa = PBXBuildFile; fileRef = 631E7CA91F9235D8007CB73E /* BaseViewController.swift */; };
		631E7CAC1F92361A007CB73E /* MainViewController.swift in Sources */ = {isa = PBXBuildFile; fileRef = 631E7CAA1F9235D8007CB73E /* MainViewController.swift */; };
		631E7CAD1F92361A007CB73E /* MainView.swift in Sources */ = {isa = PBXBuildFile; fileRef = 631E7CA61F9235C5007CB73E /* MainView.swift */; };
		631E7CAE1F92361A007CB73E /* BaseView.swift in Sources */ = {isa = PBXBuildFile; fileRef = 631E7CA71F9235C5007CB73E /* BaseView.swift */; };
		631E965C1FC15C5E002F2083 /* String+Empty.swift in Sources */ = {isa = PBXBuildFile; fileRef = 631E965B1FC15C5E002F2083 /* String+Empty.swift */; };
		631EA0871FBC7E8D0043C7E7 /* UINavigationItem+Convenience.swift in Sources */ = {isa = PBXBuildFile; fileRef = 631EA0861FBC7E8D0043C7E7 /* UINavigationItem+Convenience.swift */; };
		631EEFC71FC134FF00EBFC52 /* DateFormatter+Convenience.swift in Sources */ = {isa = PBXBuildFile; fileRef = 631EEFC61FC134FF00EBFC52 /* DateFormatter+Convenience.swift */; };
		6320283A1F9B6FD6006F607F /* DogDay.swift in Sources */ = {isa = PBXBuildFile; fileRef = 632028391F9B6FD6006F607F /* DogDay.swift */; };
		6320C7AC1FDDF965005FF180 /* Assets.xcassets in Resources */ = {isa = PBXBuildFile; fileRef = 6320EECD1F88B80C005EC9E9 /* Assets.xcassets */; };
		6320EEC71F88B80B005EC9E9 /* AppDelegate.swift in Sources */ = {isa = PBXBuildFile; fileRef = 6320EEC61F88B80B005EC9E9 /* AppDelegate.swift */; };
		632751A21FD3E21B00C25A4C /* LicenseViewController.swift in Sources */ = {isa = PBXBuildFile; fileRef = 632751A01FD3E21B00C25A4C /* LicenseViewController.swift */; };
		632751A31FD3E21B00C25A4C /* LicenseViewController.xib in Resources */ = {isa = PBXBuildFile; fileRef = 632751A11FD3E21B00C25A4C /* LicenseViewController.xib */; };
		632B271B1F9CA9E700D0DE7A /* EmptyView.swift in Sources */ = {isa = PBXBuildFile; fileRef = 632B271A1F9CA9E700D0DE7A /* EmptyView.swift */; };
		632CA44F1FDF6FE300FCE1DC /* UINavigationController+Completion.swift in Sources */ = {isa = PBXBuildFile; fileRef = 632CA44E1FDF6FE300FCE1DC /* UINavigationController+Completion.swift */; };
		632CA4511FDF753500FCE1DC /* Scheme.swift in Sources */ = {isa = PBXBuildFile; fileRef = 632CA4501FDF753500FCE1DC /* Scheme.swift */; };
		632DB76221F8ABA40033B64A /* TableView+Convenience.swift in Sources */ = {isa = PBXBuildFile; fileRef = 632DB76121F8ABA40033B64A /* TableView+Convenience.swift */; };
		633E2ADE1F93824F00DAFBC5 /* DogDayTableViewCell.swift in Sources */ = {isa = PBXBuildFile; fileRef = 633E2ADD1F93824F00DAFBC5 /* DogDayTableViewCell.swift */; };
		633E2AE01F938C4600DAFBC5 /* UIColor+BaseColor.swift in Sources */ = {isa = PBXBuildFile; fileRef = 633E2ADF1F938C4600DAFBC5 /* UIColor+BaseColor.swift */; };
		633E2AE21F939FF300DAFBC5 /* UIFont+BaseFont.swift in Sources */ = {isa = PBXBuildFile; fileRef = 633E2AE11F939FF300DAFBC5 /* UIFont+BaseFont.swift */; };
		633E2AE41F93A3DA00DAFBC5 /* UIView+SubView.swift in Sources */ = {isa = PBXBuildFile; fileRef = 633E2AE31F93A3DA00DAFBC5 /* UIView+SubView.swift */; };
		635283161FBDCCB600766DA9 /* SettingTableViewCell.swift in Sources */ = {isa = PBXBuildFile; fileRef = 635283151FBDCCB600766DA9 /* SettingTableViewCell.swift */; };
		635283181FBDCDAF00766DA9 /* DogDaySetting.swift in Sources */ = {isa = PBXBuildFile; fileRef = 635283171FBDCDAF00766DA9 /* DogDaySetting.swift */; };
		6352831A1FBDD6E300766DA9 /* SettingView.swift in Sources */ = {isa = PBXBuildFile; fileRef = 635283191FBDD6E300766DA9 /* SettingView.swift */; };
		63585AE01FAF378B0035FD35 /* DogDayTextField.swift in Sources */ = {isa = PBXBuildFile; fileRef = 63585ADF1FAF378B0035FD35 /* DogDayTextField.swift */; };
		63585AE21FAF450B0035FD35 /* UINavigationController+Color.swift in Sources */ = {isa = PBXBuildFile; fileRef = 63585AE11FAF450B0035FD35 /* UINavigationController+Color.swift */; };
		635FC8131FD8252C007987B4 /* WidgetDatas.swift in Sources */ = {isa = PBXBuildFile; fileRef = 635FC8121FD8252C007987B4 /* WidgetDatas.swift */; };
		636C75221FA75ED7002FE52E /* GradientScrollView.swift in Sources */ = {isa = PBXBuildFile; fileRef = 636C75211FA75ED7002FE52E /* GradientScrollView.swift */; };
		636C75241FA768E5002FE52E /* DetailView.swift in Sources */ = {isa = PBXBuildFile; fileRef = 636C75231FA768E5002FE52E /* DetailView.swift */; };
		6375CE3F1FA0CA57004BED12 /* UIImage+Color.swift in Sources */ = {isa = PBXBuildFile; fileRef = 6375CE3E1FA0CA57004BED12 /* UIImage+Color.swift */; };
		6375CE411FA0CF95004BED12 /* HHOButton.swift in Sources */ = {isa = PBXBuildFile; fileRef = 6375CE401FA0CF95004BED12 /* HHOButton.swift */; };
		6379FF911FAA0E1400731081 /* DetailLabel.swift in Sources */ = {isa = PBXBuildFile; fileRef = 6379FF901FAA0E1400731081 /* DetailLabel.swift */; };
		637D65371FD2E88C00955EDA /* LaunchScreenView.swift in Sources */ = {isa = PBXBuildFile; fileRef = 637D65361FD2E88C00955EDA /* LaunchScreenView.swift */; };
		638600981FB496D300E31275 /* EmptyViewController.swift in Sources */ = {isa = PBXBuildFile; fileRef = 638600971FB496D300E31275 /* EmptyViewController.swift */; };
		6387548C1FDD287700DFEAD5 /* DogDay.swift in Sources */ = {isa = PBXBuildFile; fileRef = 632028391F9B6FD6006F607F /* DogDay.swift */; };
		6387548E1FDD287C00DFEAD5 /* WidgetDatas.swift in Sources */ = {isa = PBXBuildFile; fileRef = 635FC8121FD8252C007987B4 /* WidgetDatas.swift */; };
		6387548F1FDD290000DFEAD5 /* UIColor+BaseColor.swift in Sources */ = {isa = PBXBuildFile; fileRef = 633E2ADF1F938C4600DAFBC5 /* UIColor+BaseColor.swift */; };
		638754901FDD290000DFEAD5 /* String+Empty.swift in Sources */ = {isa = PBXBuildFile; fileRef = 631E965B1FC15C5E002F2083 /* String+Empty.swift */; };
		638754911FDD290000DFEAD5 /* UIFont+BaseFont.swift in Sources */ = {isa = PBXBuildFile; fileRef = 633E2AE11F939FF300DAFBC5 /* UIFont+BaseFont.swift */; };
		638754921FDD290000DFEAD5 /* UIView+SubView.swift in Sources */ = {isa = PBXBuildFile; fileRef = 633E2AE31F93A3DA00DAFBC5 /* UIView+SubView.swift */; };
		638754931FDD290000DFEAD5 /* UIImage+Color.swift in Sources */ = {isa = PBXBuildFile; fileRef = 6375CE3E1FA0CA57004BED12 /* UIImage+Color.swift */; };
		638754941FDD290000DFEAD5 /* UIView+LayoutAnchor.swift in Sources */ = {isa = PBXBuildFile; fileRef = 63E6911F1FA8B05F0016A478 /* UIView+LayoutAnchor.swift */; };
		638754961FDD290000DFEAD5 /* HHOButton.swift in Sources */ = {isa = PBXBuildFile; fileRef = 6375CE401FA0CF95004BED12 /* HHOButton.swift */; };
		638754971FDD290000DFEAD5 /* DogDayTextField.swift in Sources */ = {isa = PBXBuildFile; fileRef = 63585ADF1FAF378B0035FD35 /* DogDayTextField.swift */; };
		638754981FDD290000DFEAD5 /* DetailLabel.swift in Sources */ = {isa = PBXBuildFile; fileRef = 6379FF901FAA0E1400731081 /* DetailLabel.swift */; };
		6387549B1FDD290000DFEAD5 /* DateFormatter+Convenience.swift in Sources */ = {isa = PBXBuildFile; fileRef = 631EEFC61FC134FF00EBFC52 /* DateFormatter+Convenience.swift */; };
		638754A01FDD302500DFEAD5 /* ExtensionTableViewCell.swift in Sources */ = {isa = PBXBuildFile; fileRef = 6387549E1FDD302500DFEAD5 /* ExtensionTableViewCell.swift */; };
		638754A21FDD354A00DFEAD5 /* Assets.xcassets in Resources */ = {isa = PBXBuildFile; fileRef = 6320EECD1F88B80C005EC9E9 /* Assets.xcassets */; };
		63B148F41FA2235300E48F99 /* DetailViewController.swift in Sources */ = {isa = PBXBuildFile; fileRef = 63B148F31FA2235300E48F99 /* DetailViewController.swift */; };
		63B9C4171FD58E7F002CC775 /* LicenseListViewController.swift in Sources */ = {isa = PBXBuildFile; fileRef = 63B9C4161FD58E7F002CC775 /* LicenseListViewController.swift */; };
		63B9C41F1FD59482002CC775 /* NotificationCenter.framework in Frameworks */ = {isa = PBXBuildFile; fileRef = 63B9C41E1FD59482002CC775 /* NotificationCenter.framework */; };
		63B9C4221FD59482002CC775 /* TodayViewController.swift in Sources */ = {isa = PBXBuildFile; fileRef = 63B9C4211FD59482002CC775 /* TodayViewController.swift */; };
		63B9C4251FD59482002CC775 /* MainInterface.storyboard in Resources */ = {isa = PBXBuildFile; fileRef = 63B9C4231FD59482002CC775 /* MainInterface.storyboard */; };
		63B9C4291FD59482002CC775 /* DogDayExtension.appex in Embed App Extensions */ = {isa = PBXBuildFile; fileRef = 63B9C41D1FD59482002CC775 /* DogDayExtension.appex */; settings = {ATTRIBUTES = (RemoveHeadersOnCopy, ); }; };
		63CF95C51FAECAE200CB4250 /* EditViewController.swift in Sources */ = {isa = PBXBuildFile; fileRef = 63CF95C41FAECAE200CB4250 /* EditViewController.swift */; };
		63CF95C91FAECC3700CB4250 /* EditView.swift in Sources */ = {isa = PBXBuildFile; fileRef = 63CF95C81FAECC3700CB4250 /* EditView.swift */; };
		63CF95CC1FAECD3000CB4250 /* SettingViewController.swift in Sources */ = {isa = PBXBuildFile; fileRef = 63CF95CA1FAECD3000CB4250 /* SettingViewController.swift */; };
		63E691201FA8B05F0016A478 /* UIView+LayoutAnchor.swift in Sources */ = {isa = PBXBuildFile; fileRef = 63E6911F1FA8B05F0016A478 /* UIView+LayoutAnchor.swift */; };
		BE65B28E1FDE6C3800EB6F7C /* URL+Dogday.swift in Sources */ = {isa = PBXBuildFile; fileRef = BE65B28D1FDE6C3800EB6F7C /* URL+Dogday.swift */; };
		BED08F5B1FDE7ACA0047C817 /* Notification+Dogday.swift in Sources */ = {isa = PBXBuildFile; fileRef = BED08F5A1FDE7ACA0047C817 /* Notification+Dogday.swift */; };
		BED08F5C1FDE7ACA0047C817 /* Notification+Dogday.swift in Sources */ = {isa = PBXBuildFile; fileRef = BED08F5A1FDE7ACA0047C817 /* Notification+Dogday.swift */; };
		BED08F801FDE95640047C817 /* URL+Common.swift in Sources */ = {isa = PBXBuildFile; fileRef = BED08F7F1FDE95640047C817 /* URL+Common.swift */; };
		BED08F811FDE95640047C817 /* URL+Common.swift in Sources */ = {isa = PBXBuildFile; fileRef = BED08F7F1FDE95640047C817 /* URL+Common.swift */; };
/* End PBXBuildFile section */

/* Begin PBXContainerItemProxy section */
		63B9C4271FD59482002CC775 /* PBXContainerItemProxy */ = {
			isa = PBXContainerItemProxy;
			containerPortal = 6320EEBB1F88B80B005EC9E9 /* Project object */;
			proxyType = 1;
			remoteGlobalIDString = 63B9C41C1FD59482002CC775;
			remoteInfo = DogDayExtension;
		};
/* End PBXContainerItemProxy section */

/* Begin PBXCopyFilesBuildPhase section */
		63B9C42D1FD59482002CC775 /* Embed App Extensions */ = {
			isa = PBXCopyFilesBuildPhase;
			buildActionMask = 2147483647;
			dstPath = "";
			dstSubfolderSpec = 13;
			files = (
				63B9C4291FD59482002CC775 /* DogDayExtension.appex in Embed App Extensions */,
			);
			name = "Embed App Extensions";
			runOnlyForDeploymentPostprocessing = 0;
		};
/* End PBXCopyFilesBuildPhase section */

/* Begin PBXFileReference section */
		2B3CA3227818221E2CA3563F /* Pods-DogDay.release.xcconfig */ = {isa = PBXFileReference; includeInIndex = 1; lastKnownFileType = text.xcconfig; name = "Pods-DogDay.release.xcconfig"; path = "Pods/Target Support Files/Pods-DogDay/Pods-DogDay.release.xcconfig"; sourceTree = "<group>"; };
		63056A031FCEF5110092B54B /* LauchScreenViewController.swift */ = {isa = PBXFileReference; lastKnownFileType = sourcecode.swift; path = LauchScreenViewController.swift; sourceTree = "<group>"; };
		63056A051FCEF9DF0092B54B /* LaunchScreen.xib */ = {isa = PBXFileReference; lastKnownFileType = file.xib; path = LaunchScreen.xib; sourceTree = "<group>"; };
		631E7CA61F9235C5007CB73E /* MainView.swift */ = {isa = PBXFileReference; lastKnownFileType = sourcecode.swift; path = MainView.swift; sourceTree = "<group>"; };
		631E7CA71F9235C5007CB73E /* BaseView.swift */ = {isa = PBXFileReference; lastKnownFileType = sourcecode.swift; path = BaseView.swift; sourceTree = "<group>"; };
		631E7CA91F9235D8007CB73E /* BaseViewController.swift */ = {isa = PBXFileReference; lastKnownFileType = sourcecode.swift; path = BaseViewController.swift; sourceTree = "<group>"; };
		631E7CAA1F9235D8007CB73E /* MainViewController.swift */ = {isa = PBXFileReference; lastKnownFileType = sourcecode.swift; path = MainViewController.swift; sourceTree = "<group>"; };
		631E965B1FC15C5E002F2083 /* String+Empty.swift */ = {isa = PBXFileReference; lastKnownFileType = sourcecode.swift; path = "String+Empty.swift"; sourceTree = "<group>"; };
		631EA0861FBC7E8D0043C7E7 /* UINavigationItem+Convenience.swift */ = {isa = PBXFileReference; lastKnownFileType = sourcecode.swift; path = "UINavigationItem+Convenience.swift"; sourceTree = "<group>"; };
		631EEFC61FC134FF00EBFC52 /* DateFormatter+Convenience.swift */ = {isa = PBXFileReference; lastKnownFileType = sourcecode.swift; path = "DateFormatter+Convenience.swift"; sourceTree = "<group>"; };
		632028391F9B6FD6006F607F /* DogDay.swift */ = {isa = PBXFileReference; lastKnownFileType = sourcecode.swift; path = DogDay.swift; sourceTree = "<group>"; };
		6320EEC31F88B80B005EC9E9 /* DogDay.app */ = {isa = PBXFileReference; explicitFileType = wrapper.application; includeInIndex = 0; path = DogDay.app; sourceTree = BUILT_PRODUCTS_DIR; };
		6320EEC61F88B80B005EC9E9 /* AppDelegate.swift */ = {isa = PBXFileReference; lastKnownFileType = sourcecode.swift; path = AppDelegate.swift; sourceTree = "<group>"; };
		6320EECD1F88B80C005EC9E9 /* Assets.xcassets */ = {isa = PBXFileReference; lastKnownFileType = folder.assetcatalog; path = Assets.xcassets; sourceTree = "<group>"; };
		6320EED21F88B80C005EC9E9 /* Info.plist */ = {isa = PBXFileReference; lastKnownFileType = text.plist.xml; path = Info.plist; sourceTree = "<group>"; };
		632751A01FD3E21B00C25A4C /* LicenseViewController.swift */ = {isa = PBXFileReference; lastKnownFileType = sourcecode.swift; path = LicenseViewController.swift; sourceTree = "<group>"; };
		632751A11FD3E21B00C25A4C /* LicenseViewController.xib */ = {isa = PBXFileReference; lastKnownFileType = file.xib; path = LicenseViewController.xib; sourceTree = "<group>"; };
		632B271A1F9CA9E700D0DE7A /* EmptyView.swift */ = {isa = PBXFileReference; lastKnownFileType = sourcecode.swift; path = EmptyView.swift; sourceTree = "<group>"; };
		632CA44E1FDF6FE300FCE1DC /* UINavigationController+Completion.swift */ = {isa = PBXFileReference; lastKnownFileType = sourcecode.swift; path = "UINavigationController+Completion.swift"; sourceTree = "<group>"; };
		632CA4501FDF753500FCE1DC /* Scheme.swift */ = {isa = PBXFileReference; lastKnownFileType = sourcecode.swift; path = Scheme.swift; sourceTree = "<group>"; };
		632DB76121F8ABA40033B64A /* TableView+Convenience.swift */ = {isa = PBXFileReference; lastKnownFileType = sourcecode.swift; path = "TableView+Convenience.swift"; sourceTree = "<group>"; };
		633E2ADD1F93824F00DAFBC5 /* DogDayTableViewCell.swift */ = {isa = PBXFileReference; lastKnownFileType = sourcecode.swift; path = DogDayTableViewCell.swift; sourceTree = "<group>"; };
		633E2ADF1F938C4600DAFBC5 /* UIColor+BaseColor.swift */ = {isa = PBXFileReference; lastKnownFileType = sourcecode.swift; path = "UIColor+BaseColor.swift"; sourceTree = "<group>"; };
		633E2AE11F939FF300DAFBC5 /* UIFont+BaseFont.swift */ = {isa = PBXFileReference; lastKnownFileType = sourcecode.swift; path = "UIFont+BaseFont.swift"; sourceTree = "<group>"; };
		633E2AE31F93A3DA00DAFBC5 /* UIView+SubView.swift */ = {isa = PBXFileReference; lastKnownFileType = sourcecode.swift; path = "UIView+SubView.swift"; sourceTree = "<group>"; };
		635283151FBDCCB600766DA9 /* SettingTableViewCell.swift */ = {isa = PBXFileReference; lastKnownFileType = sourcecode.swift; path = SettingTableViewCell.swift; sourceTree = "<group>"; };
		635283171FBDCDAF00766DA9 /* DogDaySetting.swift */ = {isa = PBXFileReference; lastKnownFileType = sourcecode.swift; path = DogDaySetting.swift; sourceTree = "<group>"; };
		635283191FBDD6E300766DA9 /* SettingView.swift */ = {isa = PBXFileReference; lastKnownFileType = sourcecode.swift; path = SettingView.swift; sourceTree = "<group>"; };
		63585ADF1FAF378B0035FD35 /* DogDayTextField.swift */ = {isa = PBXFileReference; lastKnownFileType = sourcecode.swift; path = DogDayTextField.swift; sourceTree = "<group>"; };
		63585AE11FAF450B0035FD35 /* UINavigationController+Color.swift */ = {isa = PBXFileReference; lastKnownFileType = sourcecode.swift; path = "UINavigationController+Color.swift"; sourceTree = "<group>"; };
		635FC8121FD8252C007987B4 /* WidgetDatas.swift */ = {isa = PBXFileReference; lastKnownFileType = sourcecode.swift; path = WidgetDatas.swift; sourceTree = "<group>"; };
		636C75211FA75ED7002FE52E /* GradientScrollView.swift */ = {isa = PBXFileReference; lastKnownFileType = sourcecode.swift; path = GradientScrollView.swift; sourceTree = "<group>"; };
		636C75231FA768E5002FE52E /* DetailView.swift */ = {isa = PBXFileReference; lastKnownFileType = sourcecode.swift; path = DetailView.swift; sourceTree = "<group>"; };
		6375CE3E1FA0CA57004BED12 /* UIImage+Color.swift */ = {isa = PBXFileReference; lastKnownFileType = sourcecode.swift; path = "UIImage+Color.swift"; sourceTree = "<group>"; };
		6375CE401FA0CF95004BED12 /* HHOButton.swift */ = {isa = PBXFileReference; lastKnownFileType = sourcecode.swift; path = HHOButton.swift; sourceTree = "<group>"; };
		6379FF901FAA0E1400731081 /* DetailLabel.swift */ = {isa = PBXFileReference; lastKnownFileType = sourcecode.swift; path = DetailLabel.swift; sourceTree = "<group>"; };
		637D65361FD2E88C00955EDA /* LaunchScreenView.swift */ = {isa = PBXFileReference; lastKnownFileType = sourcecode.swift; path = LaunchScreenView.swift; sourceTree = "<group>"; };
		638600971FB496D300E31275 /* EmptyViewController.swift */ = {isa = PBXFileReference; lastKnownFileType = sourcecode.swift; path = EmptyViewController.swift; sourceTree = "<group>"; };
		6387549E1FDD302500DFEAD5 /* ExtensionTableViewCell.swift */ = {isa = PBXFileReference; lastKnownFileType = sourcecode.swift; path = ExtensionTableViewCell.swift; sourceTree = "<group>"; };
		63B148F31FA2235300E48F99 /* DetailViewController.swift */ = {isa = PBXFileReference; lastKnownFileType = sourcecode.swift; path = DetailViewController.swift; sourceTree = "<group>"; };
		63B9C4161FD58E7F002CC775 /* LicenseListViewController.swift */ = {isa = PBXFileReference; lastKnownFileType = sourcecode.swift; path = LicenseListViewController.swift; sourceTree = "<group>"; };
		63B9C4181FD59450002CC775 /* DogDay.entitlements */ = {isa = PBXFileReference; lastKnownFileType = text.plist.entitlements; path = DogDay.entitlements; sourceTree = "<group>"; };
		63B9C41D1FD59482002CC775 /* DogDayExtension.appex */ = {isa = PBXFileReference; explicitFileType = "wrapper.app-extension"; includeInIndex = 0; path = DogDayExtension.appex; sourceTree = BUILT_PRODUCTS_DIR; };
		63B9C41E1FD59482002CC775 /* NotificationCenter.framework */ = {isa = PBXFileReference; lastKnownFileType = wrapper.framework; name = NotificationCenter.framework; path = System/Library/Frameworks/NotificationCenter.framework; sourceTree = SDKROOT; };
		63B9C4211FD59482002CC775 /* TodayViewController.swift */ = {isa = PBXFileReference; lastKnownFileType = sourcecode.swift; path = TodayViewController.swift; sourceTree = "<group>"; };
		63B9C4241FD59482002CC775 /* Base */ = {isa = PBXFileReference; lastKnownFileType = file.storyboard; name = Base; path = Base.lproj/MainInterface.storyboard; sourceTree = "<group>"; };
		63B9C4261FD59482002CC775 /* Info.plist */ = {isa = PBXFileReference; lastKnownFileType = text.plist.xml; path = Info.plist; sourceTree = "<group>"; };
		63B9C42E1FD59491002CC775 /* DogDayExtension.entitlements */ = {isa = PBXFileReference; lastKnownFileType = text.plist.entitlements; path = DogDayExtension.entitlements; sourceTree = "<group>"; };
		63CF95C41FAECAE200CB4250 /* EditViewController.swift */ = {isa = PBXFileReference; lastKnownFileType = sourcecode.swift; path = EditViewController.swift; sourceTree = "<group>"; };
		63CF95C81FAECC3700CB4250 /* EditView.swift */ = {isa = PBXFileReference; lastKnownFileType = sourcecode.swift; path = EditView.swift; sourceTree = "<group>"; };
		63CF95CA1FAECD3000CB4250 /* SettingViewController.swift */ = {isa = PBXFileReference; lastKnownFileType = sourcecode.swift; path = SettingViewController.swift; sourceTree = "<group>"; };
		63E6911F1FA8B05F0016A478 /* UIView+LayoutAnchor.swift */ = {isa = PBXFileReference; lastKnownFileType = sourcecode.swift; path = "UIView+LayoutAnchor.swift"; sourceTree = "<group>"; };
		68BA828C84BDBFC0BEC38F15 /* Pods-DogDay.debug.xcconfig */ = {isa = PBXFileReference; includeInIndex = 1; lastKnownFileType = text.xcconfig; name = "Pods-DogDay.debug.xcconfig"; path = "Pods/Target Support Files/Pods-DogDay/Pods-DogDay.debug.xcconfig"; sourceTree = "<group>"; };
		B4C7BBC6A21AEAA99F87BEE5 /* Pods_DogDay.framework */ = {isa = PBXFileReference; explicitFileType = wrapper.framework; includeInIndex = 0; path = Pods_DogDay.framework; sourceTree = BUILT_PRODUCTS_DIR; };
		BE65B28D1FDE6C3800EB6F7C /* URL+Dogday.swift */ = {isa = PBXFileReference; lastKnownFileType = sourcecode.swift; path = "URL+Dogday.swift"; sourceTree = "<group>"; };
		BED08F5A1FDE7ACA0047C817 /* Notification+Dogday.swift */ = {isa = PBXFileReference; lastKnownFileType = sourcecode.swift; path = "Notification+Dogday.swift"; sourceTree = "<group>"; };
		BED08F7F1FDE95640047C817 /* URL+Common.swift */ = {isa = PBXFileReference; lastKnownFileType = sourcecode.swift; path = "URL+Common.swift"; sourceTree = "<group>"; };
/* End PBXFileReference section */

/* Begin PBXFrameworksBuildPhase section */
		6320EEC01F88B80B005EC9E9 /* Frameworks */ = {
			isa = PBXFrameworksBuildPhase;
			buildActionMask = 2147483647;
			files = (
				4F4B351D3202B36ABF6792D3 /* Pods_DogDay.framework in Frameworks */,
			);
			runOnlyForDeploymentPostprocessing = 0;
		};
		63B9C41A1FD59482002CC775 /* Frameworks */ = {
			isa = PBXFrameworksBuildPhase;
			buildActionMask = 2147483647;
			files = (
				63B9C41F1FD59482002CC775 /* NotificationCenter.framework in Frameworks */,
			);
			runOnlyForDeploymentPostprocessing = 0;
		};
/* End PBXFrameworksBuildPhase section */

/* Begin PBXGroup section */
		63158D8F1F923DEF0027CBEA /* Utility */ = {
			isa = PBXGroup;
			children = (
				632DB76021F8AB100033B64A /* View */,
				633E2ADF1F938C4600DAFBC5 /* UIColor+BaseColor.swift */,
				631E965B1FC15C5E002F2083 /* String+Empty.swift */,
				633E2AE11F939FF300DAFBC5 /* UIFont+BaseFont.swift */,
				633E2AE31F93A3DA00DAFBC5 /* UIView+SubView.swift */,
				6375CE3E1FA0CA57004BED12 /* UIImage+Color.swift */,
				63E6911F1FA8B05F0016A478 /* UIView+LayoutAnchor.swift */,
				636C75211FA75ED7002FE52E /* GradientScrollView.swift */,
				6375CE401FA0CF95004BED12 /* HHOButton.swift */,
				63585ADF1FAF378B0035FD35 /* DogDayTextField.swift */,
				6379FF901FAA0E1400731081 /* DetailLabel.swift */,
				63585AE11FAF450B0035FD35 /* UINavigationController+Color.swift */,
				631EA0861FBC7E8D0043C7E7 /* UINavigationItem+Convenience.swift */,
				631EEFC61FC134FF00EBFC52 /* DateFormatter+Convenience.swift */,
				BE65B28D1FDE6C3800EB6F7C /* URL+Dogday.swift */,
				BED08F7F1FDE95640047C817 /* URL+Common.swift */,
				BED08F5A1FDE7ACA0047C817 /* Notification+Dogday.swift */,
				632CA44E1FDF6FE300FCE1DC /* UINavigationController+Completion.swift */,
			);
			path = Utility;
			sourceTree = "<group>";
		};
		631E7CA41F9235C5007CB73E /* View */ = {
			isa = PBXGroup;
			children = (
				631E7CA71F9235C5007CB73E /* BaseView.swift */,
				637D653A1FD2E8AF00955EDA /* LaunchScreen */,
				631E7CA51F9235C5007CB73E /* Main */,
				63B148F21FA2230700E48F99 /* Detail */,
				63CF95C71FAECC0E00CB4250 /* Edit */,
				635283141FBDCC7C00766DA9 /* Setting */,
			);
			path = View;
			sourceTree = "<group>";
		};
		631E7CA51F9235C5007CB73E /* Main */ = {
			isa = PBXGroup;
			children = (
				631E7CA61F9235C5007CB73E /* MainView.swift */,
				632B271A1F9CA9E700D0DE7A /* EmptyView.swift */,
				633E2ADD1F93824F00DAFBC5 /* DogDayTableViewCell.swift */,
			);
			path = Main;
			sourceTree = "<group>";
		};
		631E7CA81F9235D8007CB73E /* ViewController */ = {
			isa = PBXGroup;
			children = (
				631E7CA91F9235D8007CB73E /* BaseViewController.swift */,
				631E7CAA1F9235D8007CB73E /* MainViewController.swift */,
				638600971FB496D300E31275 /* EmptyViewController.swift */,
				63B148F31FA2235300E48F99 /* DetailViewController.swift */,
				63CF95C41FAECAE200CB4250 /* EditViewController.swift */,
				63CF95CA1FAECD3000CB4250 /* SettingViewController.swift */,
				63B9C4161FD58E7F002CC775 /* LicenseListViewController.swift */,
				632751A01FD3E21B00C25A4C /* LicenseViewController.swift */,
				632751A11FD3E21B00C25A4C /* LicenseViewController.xib */,
				63056A031FCEF5110092B54B /* LauchScreenViewController.swift */,
			);
			path = ViewController;
			sourceTree = "<group>";
		};
		632028381F9B6C3E006F607F /* Model */ = {
			isa = PBXGroup;
			children = (
				632028391F9B6FD6006F607F /* DogDay.swift */,
				632CA4501FDF753500FCE1DC /* Scheme.swift */,
				635283171FBDCDAF00766DA9 /* DogDaySetting.swift */,
				635FC8121FD8252C007987B4 /* WidgetDatas.swift */,
			);
			path = Model;
			sourceTree = "<group>";
		};
		6320EEBA1F88B80B005EC9E9 = {
			isa = PBXGroup;
			children = (
				6320EEC51F88B80B005EC9E9 /* DogDay */,
				63B9C4201FD59482002CC775 /* DogDayExtension */,
				6320EEC41F88B80B005EC9E9 /* Products */,
				F35EBCCA793DD48A0884F05D /* Pods */,
				6886010439C6C023E315704E /* Frameworks */,
			);
			sourceTree = "<group>";
		};
		6320EEC41F88B80B005EC9E9 /* Products */ = {
			isa = PBXGroup;
			children = (
				6320EEC31F88B80B005EC9E9 /* DogDay.app */,
				63B9C41D1FD59482002CC775 /* DogDayExtension.appex */,
			);
			name = Products;
			sourceTree = "<group>";
		};
		6320EEC51F88B80B005EC9E9 /* DogDay */ = {
			isa = PBXGroup;
			children = (
				63B9C4181FD59450002CC775 /* DogDay.entitlements */,
				6320EEC61F88B80B005EC9E9 /* AppDelegate.swift */,
				632028381F9B6C3E006F607F /* Model */,
				631E7CA41F9235C5007CB73E /* View */,
				631E7CA81F9235D8007CB73E /* ViewController */,
				63158D8F1F923DEF0027CBEA /* Utility */,
				6320EECD1F88B80C005EC9E9 /* Assets.xcassets */,
				63056A051FCEF9DF0092B54B /* LaunchScreen.xib */,
				6320EED21F88B80C005EC9E9 /* Info.plist */,
			);
			path = DogDay;
			sourceTree = "<group>";
		};
		632DB76021F8AB100033B64A /* View */ = {
			isa = PBXGroup;
			children = (
				632DB76121F8ABA40033B64A /* TableView+Convenience.swift */,
			);
			path = View;
			sourceTree = "<group>";
		};
		635283141FBDCC7C00766DA9 /* Setting */ = {
			isa = PBXGroup;
			children = (
				635283191FBDD6E300766DA9 /* SettingView.swift */,
				635283151FBDCCB600766DA9 /* SettingTableViewCell.swift */,
			);
			path = Setting;
			sourceTree = "<group>";
		};
		637D653A1FD2E8AF00955EDA /* LaunchScreen */ = {
			isa = PBXGroup;
			children = (
				637D65361FD2E88C00955EDA /* LaunchScreenView.swift */,
			);
			path = LaunchScreen;
			sourceTree = "<group>";
		};
		63B148F21FA2230700E48F99 /* Detail */ = {
			isa = PBXGroup;
			children = (
				636C75231FA768E5002FE52E /* DetailView.swift */,
			);
			path = Detail;
			sourceTree = "<group>";
		};
		63B9C4201FD59482002CC775 /* DogDayExtension */ = {
			isa = PBXGroup;
			children = (
				63B9C42E1FD59491002CC775 /* DogDayExtension.entitlements */,
				63B9C4211FD59482002CC775 /* TodayViewController.swift */,
				6387549E1FDD302500DFEAD5 /* ExtensionTableViewCell.swift */,
				63B9C4231FD59482002CC775 /* MainInterface.storyboard */,
				63B9C4261FD59482002CC775 /* Info.plist */,
			);
			path = DogDayExtension;
			sourceTree = "<group>";
		};
		63CF95C71FAECC0E00CB4250 /* Edit */ = {
			isa = PBXGroup;
			children = (
				63CF95C81FAECC3700CB4250 /* EditView.swift */,
			);
			path = Edit;
			sourceTree = "<group>";
		};
		6886010439C6C023E315704E /* Frameworks */ = {
			isa = PBXGroup;
			children = (
				B4C7BBC6A21AEAA99F87BEE5 /* Pods_DogDay.framework */,
				63B9C41E1FD59482002CC775 /* NotificationCenter.framework */,
			);
			name = Frameworks;
			sourceTree = "<group>";
		};
		F35EBCCA793DD48A0884F05D /* Pods */ = {
			isa = PBXGroup;
			children = (
				68BA828C84BDBFC0BEC38F15 /* Pods-DogDay.debug.xcconfig */,
				2B3CA3227818221E2CA3563F /* Pods-DogDay.release.xcconfig */,
			);
			name = Pods;
			sourceTree = "<group>";
		};
/* End PBXGroup section */

/* Begin PBXNativeTarget section */
		6320EEC21F88B80B005EC9E9 /* DogDay */ = {
			isa = PBXNativeTarget;
			buildConfigurationList = 6320EED51F88B80C005EC9E9 /* Build configuration list for PBXNativeTarget "DogDay" */;
			buildPhases = (
				A33F72E6B4AF0282B0FEA73F /* [CP] Check Pods Manifest.lock */,
				6320EEBF1F88B80B005EC9E9 /* Sources */,
				6320EEC01F88B80B005EC9E9 /* Frameworks */,
				6320EEC11F88B80B005EC9E9 /* Resources */,
				632A6485A7D9D85F27D6EF06 /* [CP] Embed Pods Frameworks */,
				63B9C42D1FD59482002CC775 /* Embed App Extensions */,
			);
			buildRules = (
			);
			dependencies = (
				63B9C4281FD59482002CC775 /* PBXTargetDependency */,
			);
			name = DogDay;
			productName = DogDay;
			productReference = 6320EEC31F88B80B005EC9E9 /* DogDay.app */;
			productType = "com.apple.product-type.application";
		};
		63B9C41C1FD59482002CC775 /* DogDayExtension */ = {
			isa = PBXNativeTarget;
			buildConfigurationList = 63B9C42A1FD59482002CC775 /* Build configuration list for PBXNativeTarget "DogDayExtension" */;
			buildPhases = (
				63B9C4191FD59482002CC775 /* Sources */,
				63B9C41A1FD59482002CC775 /* Frameworks */,
				63B9C41B1FD59482002CC775 /* Resources */,
			);
			buildRules = (
			);
			dependencies = (
			);
			name = DogDayExtension;
			productName = DogDayExtension;
			productReference = 63B9C41D1FD59482002CC775 /* DogDayExtension.appex */;
			productType = "com.apple.product-type.app-extension";
		};
/* End PBXNativeTarget section */

/* Begin PBXProject section */
		6320EEBB1F88B80B005EC9E9 /* Project object */ = {
			isa = PBXProject;
			attributes = {
				LastSwiftUpdateCheck = 0910;
				LastUpgradeCheck = 1010;
				ORGANIZATIONNAME = lyhonghwa;
				TargetAttributes = {
					6320EEC21F88B80B005EC9E9 = {
						CreatedOnToolsVersion = 9.0;
						LastSwiftMigration = 1020;
						ProvisioningStyle = Manual;
						SystemCapabilities = {
							com.apple.ApplicationGroups.iOS = {
								enabled = 1;
							};
						};
					};
					63B9C41C1FD59482002CC775 = {
						CreatedOnToolsVersion = 9.1;
						LastSwiftMigration = 1020;
						ProvisioningStyle = Manual;
						SystemCapabilities = {
							com.apple.ApplicationGroups.iOS = {
								enabled = 1;
							};
						};
					};
				};
			};
			buildConfigurationList = 6320EEBE1F88B80B005EC9E9 /* Build configuration list for PBXProject "DogDay" */;
			compatibilityVersion = "Xcode 8.0";
			developmentRegion = en;
			hasScannedForEncodings = 0;
			knownRegions = (
				en,
				Base,
			);
			mainGroup = 6320EEBA1F88B80B005EC9E9;
			productRefGroup = 6320EEC41F88B80B005EC9E9 /* Products */;
			projectDirPath = "";
			projectRoot = "";
			targets = (
				6320EEC21F88B80B005EC9E9 /* DogDay */,
				63B9C41C1FD59482002CC775 /* DogDayExtension */,
			);
		};
/* End PBXProject section */

/* Begin PBXResourcesBuildPhase section */
		6320EEC11F88B80B005EC9E9 /* Resources */ = {
			isa = PBXResourcesBuildPhase;
			buildActionMask = 2147483647;
			files = (
				63056A061FCEF9DF0092B54B /* LaunchScreen.xib in Resources */,
				6320C7AC1FDDF965005FF180 /* Assets.xcassets in Resources */,
				632751A31FD3E21B00C25A4C /* LicenseViewController.xib in Resources */,
			);
			runOnlyForDeploymentPostprocessing = 0;
		};
		63B9C41B1FD59482002CC775 /* Resources */ = {
			isa = PBXResourcesBuildPhase;
			buildActionMask = 2147483647;
			files = (
				638754A21FDD354A00DFEAD5 /* Assets.xcassets in Resources */,
				63B9C4251FD59482002CC775 /* MainInterface.storyboard in Resources */,
			);
			runOnlyForDeploymentPostprocessing = 0;
		};
/* End PBXResourcesBuildPhase section */

/* Begin PBXShellScriptBuildPhase section */
		632A6485A7D9D85F27D6EF06 /* [CP] Embed Pods Frameworks */ = {
			isa = PBXShellScriptBuildPhase;
			buildActionMask = 2147483647;
			files = (
			);
			inputPaths = (
				"${PODS_ROOT}/Target Support Files/Pods-DogDay/Pods-DogDay-frameworks.sh",
				"${BUILT_PRODUCTS_DIR}/SwipeCellKit/SwipeCellKit.framework",
			);
			name = "[CP] Embed Pods Frameworks";
			outputPaths = (
				"${TARGET_BUILD_DIR}/${FRAMEWORKS_FOLDER_PATH}/SwipeCellKit.framework",
			);
			runOnlyForDeploymentPostprocessing = 0;
			shellPath = /bin/sh;
			shellScript = "\"${PODS_ROOT}/Target Support Files/Pods-DogDay/Pods-DogDay-frameworks.sh\"\n";
			showEnvVarsInLog = 0;
		};
		A33F72E6B4AF0282B0FEA73F /* [CP] Check Pods Manifest.lock */ = {
			isa = PBXShellScriptBuildPhase;
			buildActionMask = 2147483647;
			files = (
			);
			inputPaths = (
				"${PODS_PODFILE_DIR_PATH}/Podfile.lock",
				"${PODS_ROOT}/Manifest.lock",
			);
			name = "[CP] Check Pods Manifest.lock";
			outputPaths = (
				"$(DERIVED_FILE_DIR)/Pods-DogDay-checkManifestLockResult.txt",
			);
			runOnlyForDeploymentPostprocessing = 0;
			shellPath = /bin/sh;
			shellScript = "diff \"${PODS_PODFILE_DIR_PATH}/Podfile.lock\" \"${PODS_ROOT}/Manifest.lock\" > /dev/null\nif [ $? != 0 ] ; then\n    # print error to STDERR\n    echo \"error: The sandbox is not in sync with the Podfile.lock. Run 'pod install' or update your CocoaPods installation.\" >&2\n    exit 1\nfi\n# This output is used by Xcode 'outputs' to avoid re-running this script phase.\necho \"SUCCESS\" > \"${SCRIPT_OUTPUT_FILE_0}\"\n";
			showEnvVarsInLog = 0;
		};
/* End PBXShellScriptBuildPhase section */

/* Begin PBXSourcesBuildPhase section */
		6320EEBF1F88B80B005EC9E9 /* Sources */ = {
			isa = PBXSourcesBuildPhase;
			buildActionMask = 2147483647;
			files = (
				631E7CAB1F92361A007CB73E /* BaseViewController.swift in Sources */,
				633E2AE01F938C4600DAFBC5 /* UIColor+BaseColor.swift in Sources */,
				635283181FBDCDAF00766DA9 /* DogDaySetting.swift in Sources */,
				63CF95C91FAECC3700CB4250 /* EditView.swift in Sources */,
				632CA4511FDF753500FCE1DC /* Scheme.swift in Sources */,
				636C75241FA768E5002FE52E /* DetailView.swift in Sources */,
				63E691201FA8B05F0016A478 /* UIView+LayoutAnchor.swift in Sources */,
				633E2AE21F939FF300DAFBC5 /* UIFont+BaseFont.swift in Sources */,
				637D65371FD2E88C00955EDA /* LaunchScreenView.swift in Sources */,
				6320283A1F9B6FD6006F607F /* DogDay.swift in Sources */,
				6379FF911FAA0E1400731081 /* DetailLabel.swift in Sources */,
				631EEFC71FC134FF00EBFC52 /* DateFormatter+Convenience.swift in Sources */,
				631E965C1FC15C5E002F2083 /* String+Empty.swift in Sources */,
				635283161FBDCCB600766DA9 /* SettingTableViewCell.swift in Sources */,
				632B271B1F9CA9E700D0DE7A /* EmptyView.swift in Sources */,
				BED08F801FDE95640047C817 /* URL+Common.swift in Sources */,
				63056A041FCEF5110092B54B /* LauchScreenViewController.swift in Sources */,
				631E7CAC1F92361A007CB73E /* MainViewController.swift in Sources */,
				6375CE3F1FA0CA57004BED12 /* UIImage+Color.swift in Sources */,
				BE65B28E1FDE6C3800EB6F7C /* URL+Dogday.swift in Sources */,
				631E7CAD1F92361A007CB73E /* MainView.swift in Sources */,
				63B9C4171FD58E7F002CC775 /* LicenseListViewController.swift in Sources */,
				633E2ADE1F93824F00DAFBC5 /* DogDayTableViewCell.swift in Sources */,
				633E2AE41F93A3DA00DAFBC5 /* UIView+SubView.swift in Sources */,
				63585AE21FAF450B0035FD35 /* UINavigationController+Color.swift in Sources */,
				6352831A1FBDD6E300766DA9 /* SettingView.swift in Sources */,
				636C75221FA75ED7002FE52E /* GradientScrollView.swift in Sources */,
				631E7CAE1F92361A007CB73E /* BaseView.swift in Sources */,
				631EA0871FBC7E8D0043C7E7 /* UINavigationItem+Convenience.swift in Sources */,
				632CA44F1FDF6FE300FCE1DC /* UINavigationController+Completion.swift in Sources */,
				635FC8131FD8252C007987B4 /* WidgetDatas.swift in Sources */,
				BED08F5B1FDE7ACA0047C817 /* Notification+Dogday.swift in Sources */,
				632751A21FD3E21B00C25A4C /* LicenseViewController.swift in Sources */,
				63CF95CC1FAECD3000CB4250 /* SettingViewController.swift in Sources */,
				638600981FB496D300E31275 /* EmptyViewController.swift in Sources */,
				63B148F41FA2235300E48F99 /* DetailViewController.swift in Sources */,
				6320EEC71F88B80B005EC9E9 /* AppDelegate.swift in Sources */,
				6375CE411FA0CF95004BED12 /* HHOButton.swift in Sources */,
				63CF95C51FAECAE200CB4250 /* EditViewController.swift in Sources */,
				632DB76221F8ABA40033B64A /* TableView+Convenience.swift in Sources */,
				63585AE01FAF378B0035FD35 /* DogDayTextField.swift in Sources */,
			);
			runOnlyForDeploymentPostprocessing = 0;
		};
		63B9C4191FD59482002CC775 /* Sources */ = {
			isa = PBXSourcesBuildPhase;
			buildActionMask = 2147483647;
			files = (
				638754911FDD290000DFEAD5 /* UIFont+BaseFont.swift in Sources */,
				638754931FDD290000DFEAD5 /* UIImage+Color.swift in Sources */,
				BED08F811FDE95640047C817 /* URL+Common.swift in Sources */,
				638754901FDD290000DFEAD5 /* String+Empty.swift in Sources */,
				6387549B1FDD290000DFEAD5 /* DateFormatter+Convenience.swift in Sources */,
				638754941FDD290000DFEAD5 /* UIView+LayoutAnchor.swift in Sources */,
				6387548F1FDD290000DFEAD5 /* UIColor+BaseColor.swift in Sources */,
				63B9C4221FD59482002CC775 /* TodayViewController.swift in Sources */,
				638754A01FDD302500DFEAD5 /* ExtensionTableViewCell.swift in Sources */,
				6387548E1FDD287C00DFEAD5 /* WidgetDatas.swift in Sources */,
				638754921FDD290000DFEAD5 /* UIView+SubView.swift in Sources */,
				638754971FDD290000DFEAD5 /* DogDayTextField.swift in Sources */,
				6387548C1FDD287700DFEAD5 /* DogDay.swift in Sources */,
				638754981FDD290000DFEAD5 /* DetailLabel.swift in Sources */,
				BED08F5C1FDE7ACA0047C817 /* Notification+Dogday.swift in Sources */,
				638754961FDD290000DFEAD5 /* HHOButton.swift in Sources */,
			);
			runOnlyForDeploymentPostprocessing = 0;
		};
/* End PBXSourcesBuildPhase section */

/* Begin PBXTargetDependency section */
		63B9C4281FD59482002CC775 /* PBXTargetDependency */ = {
			isa = PBXTargetDependency;
			target = 63B9C41C1FD59482002CC775 /* DogDayExtension */;
			targetProxy = 63B9C4271FD59482002CC775 /* PBXContainerItemProxy */;
		};
/* End PBXTargetDependency section */

/* Begin PBXVariantGroup section */
		63B9C4231FD59482002CC775 /* MainInterface.storyboard */ = {
			isa = PBXVariantGroup;
			children = (
				63B9C4241FD59482002CC775 /* Base */,
			);
			name = MainInterface.storyboard;
			sourceTree = "<group>";
		};
/* End PBXVariantGroup section */

/* Begin XCBuildConfiguration section */
		6320EED31F88B80C005EC9E9 /* Debug */ = {
			isa = XCBuildConfiguration;
			buildSettings = {
				ALWAYS_SEARCH_USER_PATHS = NO;
				CLANG_ANALYZER_NONNULL = YES;
				CLANG_ANALYZER_NUMBER_OBJECT_CONVERSION = YES_AGGRESSIVE;
				CLANG_CXX_LANGUAGE_STANDARD = "gnu++14";
				CLANG_CXX_LIBRARY = "libc++";
				CLANG_ENABLE_MODULES = YES;
				CLANG_ENABLE_OBJC_ARC = YES;
				CLANG_WARN_BLOCK_CAPTURE_AUTORELEASING = YES;
				CLANG_WARN_BOOL_CONVERSION = YES;
				CLANG_WARN_COMMA = YES;
				CLANG_WARN_CONSTANT_CONVERSION = YES;
				CLANG_WARN_DEPRECATED_OBJC_IMPLEMENTATIONS = YES;
				CLANG_WARN_DIRECT_OBJC_ISA_USAGE = YES_ERROR;
				CLANG_WARN_DOCUMENTATION_COMMENTS = YES;
				CLANG_WARN_EMPTY_BODY = YES;
				CLANG_WARN_ENUM_CONVERSION = YES;
				CLANG_WARN_INFINITE_RECURSION = YES;
				CLANG_WARN_INT_CONVERSION = YES;
				CLANG_WARN_NON_LITERAL_NULL_CONVERSION = YES;
				CLANG_WARN_OBJC_IMPLICIT_RETAIN_SELF = YES;
				CLANG_WARN_OBJC_LITERAL_CONVERSION = YES;
				CLANG_WARN_OBJC_ROOT_CLASS = YES_ERROR;
				CLANG_WARN_RANGE_LOOP_ANALYSIS = YES;
				CLANG_WARN_STRICT_PROTOTYPES = YES;
				CLANG_WARN_SUSPICIOUS_MOVE = YES;
				CLANG_WARN_UNGUARDED_AVAILABILITY = YES_AGGRESSIVE;
				CLANG_WARN_UNREACHABLE_CODE = YES;
				CLANG_WARN__DUPLICATE_METHOD_MATCH = YES;
				CODE_SIGN_IDENTITY = "iPhone Developer";
				COPY_PHASE_STRIP = NO;
				DEBUG_INFORMATION_FORMAT = dwarf;
				ENABLE_STRICT_OBJC_MSGSEND = YES;
				ENABLE_TESTABILITY = YES;
				GCC_C_LANGUAGE_STANDARD = gnu11;
				GCC_DYNAMIC_NO_PIC = NO;
				GCC_NO_COMMON_BLOCKS = YES;
				GCC_OPTIMIZATION_LEVEL = 0;
				GCC_PREPROCESSOR_DEFINITIONS = (
					"DEBUG=1",
					"$(inherited)",
				);
				GCC_WARN_64_TO_32_BIT_CONVERSION = YES;
				GCC_WARN_ABOUT_RETURN_TYPE = YES_ERROR;
				GCC_WARN_UNDECLARED_SELECTOR = YES;
				GCC_WARN_UNINITIALIZED_AUTOS = YES_AGGRESSIVE;
				GCC_WARN_UNUSED_FUNCTION = YES;
				GCC_WARN_UNUSED_VARIABLE = YES;
				IPHONEOS_DEPLOYMENT_TARGET = 10.0;
				MTL_ENABLE_DEBUG_INFO = YES;
				ONLY_ACTIVE_ARCH = YES;
				SDKROOT = iphoneos;
				SWIFT_ACTIVE_COMPILATION_CONDITIONS = DEBUG;
				SWIFT_OPTIMIZATION_LEVEL = "-Onone";
			};
			name = Debug;
		};
		6320EED41F88B80C005EC9E9 /* Release */ = {
			isa = XCBuildConfiguration;
			buildSettings = {
				ALWAYS_SEARCH_USER_PATHS = NO;
				CLANG_ANALYZER_NONNULL = YES;
				CLANG_ANALYZER_NUMBER_OBJECT_CONVERSION = YES_AGGRESSIVE;
				CLANG_CXX_LANGUAGE_STANDARD = "gnu++14";
				CLANG_CXX_LIBRARY = "libc++";
				CLANG_ENABLE_MODULES = YES;
				CLANG_ENABLE_OBJC_ARC = YES;
				CLANG_WARN_BLOCK_CAPTURE_AUTORELEASING = YES;
				CLANG_WARN_BOOL_CONVERSION = YES;
				CLANG_WARN_COMMA = YES;
				CLANG_WARN_CONSTANT_CONVERSION = YES;
				CLANG_WARN_DEPRECATED_OBJC_IMPLEMENTATIONS = YES;
				CLANG_WARN_DIRECT_OBJC_ISA_USAGE = YES_ERROR;
				CLANG_WARN_DOCUMENTATION_COMMENTS = YES;
				CLANG_WARN_EMPTY_BODY = YES;
				CLANG_WARN_ENUM_CONVERSION = YES;
				CLANG_WARN_INFINITE_RECURSION = YES;
				CLANG_WARN_INT_CONVERSION = YES;
				CLANG_WARN_NON_LITERAL_NULL_CONVERSION = YES;
				CLANG_WARN_OBJC_IMPLICIT_RETAIN_SELF = YES;
				CLANG_WARN_OBJC_LITERAL_CONVERSION = YES;
				CLANG_WARN_OBJC_ROOT_CLASS = YES_ERROR;
				CLANG_WARN_RANGE_LOOP_ANALYSIS = YES;
				CLANG_WARN_STRICT_PROTOTYPES = YES;
				CLANG_WARN_SUSPICIOUS_MOVE = YES;
				CLANG_WARN_UNGUARDED_AVAILABILITY = YES_AGGRESSIVE;
				CLANG_WARN_UNREACHABLE_CODE = YES;
				CLANG_WARN__DUPLICATE_METHOD_MATCH = YES;
				CODE_SIGN_IDENTITY = "iPhone Developer";
				COPY_PHASE_STRIP = NO;
				DEBUG_INFORMATION_FORMAT = "dwarf-with-dsym";
				ENABLE_NS_ASSERTIONS = NO;
				ENABLE_STRICT_OBJC_MSGSEND = YES;
				GCC_C_LANGUAGE_STANDARD = gnu11;
				GCC_NO_COMMON_BLOCKS = YES;
				GCC_WARN_64_TO_32_BIT_CONVERSION = YES;
				GCC_WARN_ABOUT_RETURN_TYPE = YES_ERROR;
				GCC_WARN_UNDECLARED_SELECTOR = YES;
				GCC_WARN_UNINITIALIZED_AUTOS = YES_AGGRESSIVE;
				GCC_WARN_UNUSED_FUNCTION = YES;
				GCC_WARN_UNUSED_VARIABLE = YES;
				IPHONEOS_DEPLOYMENT_TARGET = 10.0;
				MTL_ENABLE_DEBUG_INFO = NO;
				SDKROOT = iphoneos;
				SWIFT_OPTIMIZATION_LEVEL = "-Owholemodule";
				VALIDATE_PRODUCT = YES;
			};
			name = Release;
		};
		6320EED61F88B80C005EC9E9 /* Debug */ = {
			isa = XCBuildConfiguration;
			baseConfigurationReference = 68BA828C84BDBFC0BEC38F15 /* Pods-DogDay.debug.xcconfig */;
			buildSettings = {
				ALWAYS_EMBED_SWIFT_STANDARD_LIBRARIES = "$(inherited)";
				ASSETCATALOG_COMPILER_APPICON_NAME = AppIcon;
				CODE_SIGN_ENTITLEMENTS = DogDay/DogDay.entitlements;
				CODE_SIGN_IDENTITY = "iPhone Developer";
				"CODE_SIGN_IDENTITY[sdk=iphoneos*]" = "iPhone Developer";
				CODE_SIGN_STYLE = Manual;
				DEVELOPMENT_TEAM = 9798FKV9BN;
				INFOPLIST_FILE = DogDay/Info.plist;
				IPHONEOS_DEPLOYMENT_TARGET = 10.0;
				LD_RUNPATH_SEARCH_PATHS = "$(inherited) @executable_path/Frameworks";
				PRODUCT_BUNDLE_IDENTIFIER = io.github.lyhonghwa.DogDay;
				PRODUCT_NAME = "$(TARGET_NAME)";
				PROVISIONING_PROFILE_SPECIFIER = DogDay_Debug;
				SWIFT_VERSION = 5.0;
				TARGETED_DEVICE_FAMILY = 1;
			};
			name = Debug;
		};
		6320EED71F88B80C005EC9E9 /* Release */ = {
			isa = XCBuildConfiguration;
			baseConfigurationReference = 2B3CA3227818221E2CA3563F /* Pods-DogDay.release.xcconfig */;
			buildSettings = {
				ALWAYS_EMBED_SWIFT_STANDARD_LIBRARIES = "$(inherited)";
				ASSETCATALOG_COMPILER_APPICON_NAME = AppIcon;
				CODE_SIGN_ENTITLEMENTS = DogDay/DogDay.entitlements;
				CODE_SIGN_IDENTITY = "iPhone Distribution";
				"CODE_SIGN_IDENTITY[sdk=iphoneos*]" = "iPhone Distribution";
				CODE_SIGN_STYLE = Manual;
				DEVELOPMENT_TEAM = 9798FKV9BN;
				INFOPLIST_FILE = DogDay/Info.plist;
				IPHONEOS_DEPLOYMENT_TARGET = 10.0;
				LD_RUNPATH_SEARCH_PATHS = "$(inherited) @executable_path/Frameworks";
				PRODUCT_BUNDLE_IDENTIFIER = io.github.lyhonghwa.DogDay;
				PRODUCT_NAME = "$(TARGET_NAME)";
				PROVISIONING_PROFILE_SPECIFIER = DogDay_AppStore;
				SWIFT_VERSION = 5.0;
				TARGETED_DEVICE_FAMILY = 1;
			};
			name = Release;
		};
		63B9C42B1FD59482002CC775 /* Debug */ = {
			isa = XCBuildConfiguration;
			buildSettings = {
				CODE_SIGN_ENTITLEMENTS = DogDayExtension/DogDayExtension.entitlements;
				CODE_SIGN_STYLE = Manual;
				DEVELOPMENT_TEAM = 9798FKV9BN;
				INFOPLIST_FILE = DogDayExtension/Info.plist;
				IPHONEOS_DEPLOYMENT_TARGET = 10.0;
				LD_RUNPATH_SEARCH_PATHS = "$(inherited) @executable_path/Frameworks @executable_path/../../Frameworks";
				PRODUCT_BUNDLE_IDENTIFIER = io.github.lyhonghwa.DogDay.DogDayExtension;
				PRODUCT_NAME = "$(TARGET_NAME)";
				PROVISIONING_PROFILE_SPECIFIER = DogDayExtension_Debug;
				SKIP_INSTALL = YES;
				SWIFT_VERSION = 5.0;
				TARGETED_DEVICE_FAMILY = 1;
			};
			name = Debug;
		};
		63B9C42C1FD59482002CC775 /* Release */ = {
			isa = XCBuildConfiguration;
			buildSettings = {
				CODE_SIGN_ENTITLEMENTS = DogDayExtension/DogDayExtension.entitlements;
				CODE_SIGN_IDENTITY = "iPhone Distribution";
				CODE_SIGN_STYLE = Manual;
				DEVELOPMENT_TEAM = 9798FKV9BN;
				INFOPLIST_FILE = DogDayExtension/Info.plist;
				IPHONEOS_DEPLOYMENT_TARGET = 10.0;
				LD_RUNPATH_SEARCH_PATHS = "$(inherited) @executable_path/Frameworks @executable_path/../../Frameworks";
				PRODUCT_BUNDLE_IDENTIFIER = io.github.lyhonghwa.DogDay.DogDayExtension;
				PRODUCT_NAME = "$(TARGET_NAME)";
				PROVISIONING_PROFILE_SPECIFIER = DogDayExtension_AppStore;
				SKIP_INSTALL = YES;
				SWIFT_VERSION = 5.0;
				TARGETED_DEVICE_FAMILY = 1;
			};
			name = Release;
		};
/* End XCBuildConfiguration section */

/* Begin XCConfigurationList section */
		6320EEBE1F88B80B005EC9E9 /* Build configuration list for PBXProject "DogDay" */ = {
			isa = XCConfigurationList;
			buildConfigurations = (
				6320EED31F88B80C005EC9E9 /* Debug */,
				6320EED41F88B80C005EC9E9 /* Release */,
			);
			defaultConfigurationIsVisible = 0;
			defaultConfigurationName = Release;
		};
		6320EED51F88B80C005EC9E9 /* Build configuration list for PBXNativeTarget "DogDay" */ = {
			isa = XCConfigurationList;
			buildConfigurations = (
				6320EED61F88B80C005EC9E9 /* Debug */,
				6320EED71F88B80C005EC9E9 /* Release */,
			);
			defaultConfigurationIsVisible = 0;
			defaultConfigurationName = Release;
		};
		63B9C42A1FD59482002CC775 /* Build configuration list for PBXNativeTarget "DogDayExtension" */ = {
			isa = XCConfigurationList;
			buildConfigurations = (
				63B9C42B1FD59482002CC775 /* Debug */,
				63B9C42C1FD59482002CC775 /* Release */,
			);
			defaultConfigurationIsVisible = 0;
			defaultConfigurationName = Release;
		};
/* End XCConfigurationList section */
	};
	rootObject = 6320EEBB1F88B80B005EC9E9 /* Project object */;
}
