// !$*UTF8*$!
{
	archiveVersion = 1;
	classes = {
	};
	objectVersion = 48;
	objects = {

/* Begin PBXBuildFile section */
		631E7CAB1F92361A007CB73E /* BaseViewController.swift in Sources */ = {isa = PBXBuildFile; fileRef = 631E7CA91F9235D8007CB73E /* BaseViewController.swift */; };
		631E7CAC1F92361A007CB73E /* MainViewController.swift in Sources */ = {isa = PBXBuildFile; fileRef = 631E7CAA1F9235D8007CB73E /* MainViewController.swift */; };
		631E7CAD1F92361A007CB73E /* MainView.swift in Sources */ = {isa = PBXBuildFile; fileRef = 631E7CA61F9235C5007CB73E /* MainView.swift */; };
		631E7CAE1F92361A007CB73E /* BaseView.swift in Sources */ = {isa = PBXBuildFile; fileRef = 631E7CA71F9235C5007CB73E /* BaseView.swift */; };
		6320EEC71F88B80B005EC9E9 /* AppDelegate.swift in Sources */ = {isa = PBXBuildFile; fileRef = 6320EEC61F88B80B005EC9E9 /* AppDelegate.swift */; };
		6320EECE1F88B80C005EC9E9 /* Assets.xcassets in Resources */ = {isa = PBXBuildFile; fileRef = 6320EECD1F88B80C005EC9E9 /* Assets.xcassets */; };
		6320EED11F88B80C005EC9E9 /* LaunchScreen.storyboard in Resources */ = {isa = PBXBuildFile; fileRef = 6320EECF1F88B80C005EC9E9 /* LaunchScreen.storyboard */; };
		633E2ADE1F93824F00DAFBC5 /* DogDayTableViewCell.swift in Sources */ = {isa = PBXBuildFile; fileRef = 633E2ADD1F93824F00DAFBC5 /* DogDayTableViewCell.swift */; };
		633E2AE01F938C4600DAFBC5 /* UIColor+BaseColor.swift in Sources */ = {isa = PBXBuildFile; fileRef = 633E2ADF1F938C4600DAFBC5 /* UIColor+BaseColor.swift */; };
		633E2AE21F939FF300DAFBC5 /* UIFont+BaseFont.swift in Sources */ = {isa = PBXBuildFile; fileRef = 633E2AE11F939FF300DAFBC5 /* UIFont+BaseFont.swift */; };
		633E2AE41F93A3DA00DAFBC5 /* UIView+SubView.swift in Sources */ = {isa = PBXBuildFile; fileRef = 633E2AE31F93A3DA00DAFBC5 /* UIView+SubView.swift */; };
		685032869363D2150BFE086A /* Pods_DogDay.framework in Frameworks */ = {isa = PBXBuildFile; fileRef = 10EEFA6A70AA74D6D657840D /* Pods_DogDay.framework */; };
/* End PBXBuildFile section */

/* Begin PBXFileReference section */
		10EEFA6A70AA74D6D657840D /* Pods_DogDay.framework */ = {isa = PBXFileReference; explicitFileType = wrapper.framework; includeInIndex = 0; path = Pods_DogDay.framework; sourceTree = BUILT_PRODUCTS_DIR; };
		413BAAB4A9469E9A5BE4144A /* Pods-DogDay.release.xcconfig */ = {isa = PBXFileReference; includeInIndex = 1; lastKnownFileType = text.xcconfig; name = "Pods-DogDay.release.xcconfig"; path = "Pods/Target Support Files/Pods-DogDay/Pods-DogDay.release.xcconfig"; sourceTree = "<group>"; };
		631E7CA61F9235C5007CB73E /* MainView.swift */ = {isa = PBXFileReference; lastKnownFileType = sourcecode.swift; path = MainView.swift; sourceTree = "<group>"; };
		631E7CA71F9235C5007CB73E /* BaseView.swift */ = {isa = PBXFileReference; lastKnownFileType = sourcecode.swift; path = BaseView.swift; sourceTree = "<group>"; };
		631E7CA91F9235D8007CB73E /* BaseViewController.swift */ = {isa = PBXFileReference; lastKnownFileType = sourcecode.swift; path = BaseViewController.swift; sourceTree = "<group>"; };
		631E7CAA1F9235D8007CB73E /* MainViewController.swift */ = {isa = PBXFileReference; lastKnownFileType = sourcecode.swift; path = MainViewController.swift; sourceTree = "<group>"; };
		6320EEC31F88B80B005EC9E9 /* DogDay.app */ = {isa = PBXFileReference; explicitFileType = wrapper.application; includeInIndex = 0; path = DogDay.app; sourceTree = BUILT_PRODUCTS_DIR; };
		6320EEC61F88B80B005EC9E9 /* AppDelegate.swift */ = {isa = PBXFileReference; lastKnownFileType = sourcecode.swift; path = AppDelegate.swift; sourceTree = "<group>"; };
		6320EECD1F88B80C005EC9E9 /* Assets.xcassets */ = {isa = PBXFileReference; lastKnownFileType = folder.assetcatalog; path = Assets.xcassets; sourceTree = "<group>"; };
		6320EED01F88B80C005EC9E9 /* Base */ = {isa = PBXFileReference; lastKnownFileType = file.storyboard; name = Base; path = Base.lproj/LaunchScreen.storyboard; sourceTree = "<group>"; };
		6320EED21F88B80C005EC9E9 /* Info.plist */ = {isa = PBXFileReference; lastKnownFileType = text.plist.xml; path = Info.plist; sourceTree = "<group>"; };
		633E2ADD1F93824F00DAFBC5 /* DogDayTableViewCell.swift */ = {isa = PBXFileReference; lastKnownFileType = sourcecode.swift; path = DogDayTableViewCell.swift; sourceTree = "<group>"; };
		633E2ADF1F938C4600DAFBC5 /* UIColor+BaseColor.swift */ = {isa = PBXFileReference; lastKnownFileType = sourcecode.swift; path = "UIColor+BaseColor.swift"; sourceTree = "<group>"; };
		633E2AE11F939FF300DAFBC5 /* UIFont+BaseFont.swift */ = {isa = PBXFileReference; lastKnownFileType = sourcecode.swift; path = "UIFont+BaseFont.swift"; sourceTree = "<group>"; };
		633E2AE31F93A3DA00DAFBC5 /* UIView+SubView.swift */ = {isa = PBXFileReference; lastKnownFileType = sourcecode.swift; path = "UIView+SubView.swift"; sourceTree = "<group>"; };
		BCE946EE7AD49B988DDCA3D2 /* Pods-DogDay.debug.xcconfig */ = {isa = PBXFileReference; includeInIndex = 1; lastKnownFileType = text.xcconfig; name = "Pods-DogDay.debug.xcconfig"; path = "Pods/Target Support Files/Pods-DogDay/Pods-DogDay.debug.xcconfig"; sourceTree = "<group>"; };
/* End PBXFileReference section */

/* Begin PBXFrameworksBuildPhase section */
		6320EEC01F88B80B005EC9E9 /* Frameworks */ = {
			isa = PBXFrameworksBuildPhase;
			buildActionMask = 2147483647;
			files = (
				685032869363D2150BFE086A /* Pods_DogDay.framework in Frameworks */,
			);
			runOnlyForDeploymentPostprocessing = 0;
		};
/* End PBXFrameworksBuildPhase section */

/* Begin PBXGroup section */
		5D407D7977C1140A1E56378C /* Frameworks */ = {
			isa = PBXGroup;
			children = (
				10EEFA6A70AA74D6D657840D /* Pods_DogDay.framework */,
			);
			name = Frameworks;
			sourceTree = "<group>";
		};
		5FBB6D31AEC98C459F6790D1 /* Pods */ = {
			isa = PBXGroup;
			children = (
				BCE946EE7AD49B988DDCA3D2 /* Pods-DogDay.debug.xcconfig */,
				413BAAB4A9469E9A5BE4144A /* Pods-DogDay.release.xcconfig */,
			);
			name = Pods;
			sourceTree = "<group>";
		};
		63158D8F1F923DEF0027CBEA /* Utility */ = {
			isa = PBXGroup;
			children = (
				633E2ADF1F938C4600DAFBC5 /* UIColor+BaseColor.swift */,
				633E2AE11F939FF300DAFBC5 /* UIFont+BaseFont.swift */,
				633E2AE31F93A3DA00DAFBC5 /* UIView+SubView.swift */,
			);
			path = Utility;
			sourceTree = "<group>";
		};
		631E7CA41F9235C5007CB73E /* View */ = {
			isa = PBXGroup;
			children = (
				631E7CA71F9235C5007CB73E /* BaseView.swift */,
				631E7CA51F9235C5007CB73E /* Main */,
			);
			path = View;
			sourceTree = "<group>";
		};
		631E7CA51F9235C5007CB73E /* Main */ = {
			isa = PBXGroup;
			children = (
				631E7CA61F9235C5007CB73E /* MainView.swift */,
				633E2ADD1F93824F00DAFBC5 /* DogDayTableViewCell.swift */,
			);
			path = Main;
			sourceTree = "<group>";
		};
		631E7CA81F9235D8007CB73E /* ViewController */ = {
			isa = PBXGroup;
			children = (
				631E7CA91F9235D8007CB73E /* BaseViewController.swift */,
				631E7CAA1F9235D8007CB73E /* MainViewController.swift */,
			);
			path = ViewController;
			sourceTree = "<group>";
		};
		6320EEBA1F88B80B005EC9E9 = {
			isa = PBXGroup;
			children = (
				6320EEC51F88B80B005EC9E9 /* DogDay */,
				6320EEC41F88B80B005EC9E9 /* Products */,
				5FBB6D31AEC98C459F6790D1 /* Pods */,
				5D407D7977C1140A1E56378C /* Frameworks */,
			);
			sourceTree = "<group>";
		};
		6320EEC41F88B80B005EC9E9 /* Products */ = {
			isa = PBXGroup;
			children = (
				6320EEC31F88B80B005EC9E9 /* DogDay.app */,
			);
			name = Products;
			sourceTree = "<group>";
		};
		6320EEC51F88B80B005EC9E9 /* DogDay */ = {
			isa = PBXGroup;
			children = (
				6320EEC61F88B80B005EC9E9 /* AppDelegate.swift */,
				631E7CA81F9235D8007CB73E /* ViewController */,
				631E7CA41F9235C5007CB73E /* View */,
				63158D8F1F923DEF0027CBEA /* Utility */,
				6320EECD1F88B80C005EC9E9 /* Assets.xcassets */,
				6320EECF1F88B80C005EC9E9 /* LaunchScreen.storyboard */,
				6320EED21F88B80C005EC9E9 /* Info.plist */,
			);
			path = DogDay;
			sourceTree = "<group>";
		};
/* End PBXGroup section */

/* Begin PBXNativeTarget section */
		6320EEC21F88B80B005EC9E9 /* DogDay */ = {
			isa = PBXNativeTarget;
			buildConfigurationList = 6320EED51F88B80C005EC9E9 /* Build configuration list for PBXNativeTarget "DogDay" */;
			buildPhases = (
				B846714EE4E436D4744996FD /* [CP] Check Pods Manifest.lock */,
				6320EEBF1F88B80B005EC9E9 /* Sources */,
				6320EEC01F88B80B005EC9E9 /* Frameworks */,
				6320EEC11F88B80B005EC9E9 /* Resources */,
				34E58E3E77D0BA65B6F81668 /* [CP] Embed Pods Frameworks */,
				8DCED8DF75E9B62FCC0B605D /* [CP] Copy Pods Resources */,
			);
			buildRules = (
			);
			dependencies = (
			);
			name = DogDay;
			productName = DogDay;
			productReference = 6320EEC31F88B80B005EC9E9 /* DogDay.app */;
			productType = "com.apple.product-type.application";
		};
/* End PBXNativeTarget section */

/* Begin PBXProject section */
		6320EEBB1F88B80B005EC9E9 /* Project object */ = {
			isa = PBXProject;
			attributes = {
				LastSwiftUpdateCheck = 0900;
				LastUpgradeCheck = 0900;
				ORGANIZATIONNAME = lyhonghwa;
				TargetAttributes = {
					6320EEC21F88B80B005EC9E9 = {
						CreatedOnToolsVersion = 9.0;
						ProvisioningStyle = Automatic;
					};
				};
			};
			buildConfigurationList = 6320EEBE1F88B80B005EC9E9 /* Build configuration list for PBXProject "DogDay" */;
			compatibilityVersion = "Xcode 8.0";
			developmentRegion = en;
			hasScannedForEncodings = 0;
			knownRegions = (
				en,
				Base,
			);
			mainGroup = 6320EEBA1F88B80B005EC9E9;
			productRefGroup = 6320EEC41F88B80B005EC9E9 /* Products */;
			projectDirPath = "";
			projectRoot = "";
			targets = (
				6320EEC21F88B80B005EC9E9 /* DogDay */,
			);
		};
/* End PBXProject section */

/* Begin PBXResourcesBuildPhase section */
		6320EEC11F88B80B005EC9E9 /* Resources */ = {
			isa = PBXResourcesBuildPhase;
			buildActionMask = 2147483647;
			files = (
				6320EED11F88B80C005EC9E9 /* LaunchScreen.storyboard in Resources */,
				6320EECE1F88B80C005EC9E9 /* Assets.xcassets in Resources */,
			);
			runOnlyForDeploymentPostprocessing = 0;
		};
/* End PBXResourcesBuildPhase section */

/* Begin PBXShellScriptBuildPhase section */
		34E58E3E77D0BA65B6F81668 /* [CP] Embed Pods Frameworks */ = {
			isa = PBXShellScriptBuildPhase;
			buildActionMask = 2147483647;
			files = (
			);
			inputPaths = (
				"${SRCROOT}/Pods/Target Support Files/Pods-DogDay/Pods-DogDay-frameworks.sh",
				"${BUILT_PRODUCTS_DIR}/SnapKit/SnapKit.framework",
			);
			name = "[CP] Embed Pods Frameworks";
			outputPaths = (
				"${TARGET_BUILD_DIR}/${FRAMEWORKS_FOLDER_PATH}/SnapKit.framework",
			);
			runOnlyForDeploymentPostprocessing = 0;
			shellPath = /bin/sh;
			shellScript = "\"${SRCROOT}/Pods/Target Support Files/Pods-DogDay/Pods-DogDay-frameworks.sh\"\n";
			showEnvVarsInLog = 0;
		};
		8DCED8DF75E9B62FCC0B605D /* [CP] Copy Pods Resources */ = {
			isa = PBXShellScriptBuildPhase;
			buildActionMask = 2147483647;
			files = (
			);
			inputPaths = (
			);
			name = "[CP] Copy Pods Resources";
			outputPaths = (
			);
			runOnlyForDeploymentPostprocessing = 0;
			shellPath = /bin/sh;
			shellScript = "\"${SRCROOT}/Pods/Target Support Files/Pods-DogDay/Pods-DogDay-resources.sh\"\n";
			showEnvVarsInLog = 0;
		};
		B846714EE4E436D4744996FD /* [CP] Check Pods Manifest.lock */ = {
			isa = PBXShellScriptBuildPhase;
			buildActionMask = 2147483647;
			files = (
			);
			inputPaths = (
				"${PODS_PODFILE_DIR_PATH}/Podfile.lock",
				"${PODS_ROOT}/Manifest.lock",
			);
			name = "[CP] Check Pods Manifest.lock";
			outputPaths = (
				"$(DERIVED_FILE_DIR)/Pods-DogDay-checkManifestLockResult.txt",
			);
			runOnlyForDeploymentPostprocessing = 0;
			shellPath = /bin/sh;
			shellScript = "diff \"${PODS_PODFILE_DIR_PATH}/Podfile.lock\" \"${PODS_ROOT}/Manifest.lock\" > /dev/null\nif [ $? != 0 ] ; then\n    # print error to STDERR\n    echo \"error: The sandbox is not in sync with the Podfile.lock. Run 'pod install' or update your CocoaPods installation.\" >&2\n    exit 1\nfi\n# This output is used by Xcode 'outputs' to avoid re-running this script phase.\necho \"SUCCESS\" > \"${SCRIPT_OUTPUT_FILE_0}\"\n";
			showEnvVarsInLog = 0;
		};
/* End PBXShellScriptBuildPhase section */

/* Begin PBXSourcesBuildPhase section */
		6320EEBF1F88B80B005EC9E9 /* Sources */ = {
			isa = PBXSourcesBuildPhase;
			buildActionMask = 2147483647;
			files = (
				631E7CAB1F92361A007CB73E /* BaseViewController.swift in Sources */,
				633E2AE01F938C4600DAFBC5 /* UIColor+BaseColor.swift in Sources */,
				633E2AE21F939FF300DAFBC5 /* UIFont+BaseFont.swift in Sources */,
				631E7CAC1F92361A007CB73E /* MainViewController.swift in Sources */,
				631E7CAD1F92361A007CB73E /* MainView.swift in Sources */,
				633E2ADE1F93824F00DAFBC5 /* DogDayTableViewCell.swift in Sources */,
				633E2AE41F93A3DA00DAFBC5 /* UIView+SubView.swift in Sources */,
				631E7CAE1F92361A007CB73E /* BaseView.swift in Sources */,
				6320EEC71F88B80B005EC9E9 /* AppDelegate.swift in Sources */,
			);
			runOnlyForDeploymentPostprocessing = 0;
		};
/* End PBXSourcesBuildPhase section */

/* Begin PBXVariantGroup section */
		6320EECF1F88B80C005EC9E9 /* LaunchScreen.storyboard */ = {
			isa = PBXVariantGroup;
			children = (
				6320EED01F88B80C005EC9E9 /* Base */,
			);
			name = LaunchScreen.storyboard;
			sourceTree = "<group>";
		};
/* End PBXVariantGroup section */

/* Begin XCBuildConfiguration section */
		6320EED31F88B80C005EC9E9 /* Debug */ = {
			isa = XCBuildConfiguration;
			buildSettings = {
				ALWAYS_SEARCH_USER_PATHS = NO;
				CLANG_ANALYZER_NONNULL = YES;
				CLANG_ANALYZER_NUMBER_OBJECT_CONVERSION = YES_AGGRESSIVE;
				CLANG_CXX_LANGUAGE_STANDARD = "gnu++14";
				CLANG_CXX_LIBRARY = "libc++";
				CLANG_ENABLE_MODULES = YES;
				CLANG_ENABLE_OBJC_ARC = YES;
				CLANG_WARN_BLOCK_CAPTURE_AUTORELEASING = YES;
				CLANG_WARN_BOOL_CONVERSION = YES;
				CLANG_WARN_COMMA = YES;
				CLANG_WARN_CONSTANT_CONVERSION = YES;
				CLANG_WARN_DIRECT_OBJC_ISA_USAGE = YES_ERROR;
				CLANG_WARN_DOCUMENTATION_COMMENTS = YES;
				CLANG_WARN_EMPTY_BODY = YES;
				CLANG_WARN_ENUM_CONVERSION = YES;
				CLANG_WARN_INFINITE_RECURSION = YES;
				CLANG_WARN_INT_CONVERSION = YES;
				CLANG_WARN_NON_LITERAL_NULL_CONVERSION = YES;
				CLANG_WARN_OBJC_LITERAL_CONVERSION = YES;
				CLANG_WARN_OBJC_ROOT_CLASS = YES_ERROR;
				CLANG_WARN_RANGE_LOOP_ANALYSIS = YES;
				CLANG_WARN_STRICT_PROTOTYPES = YES;
				CLANG_WARN_SUSPICIOUS_MOVE = YES;
				CLANG_WARN_UNGUARDED_AVAILABILITY = YES_AGGRESSIVE;
				CLANG_WARN_UNREACHABLE_CODE = YES;
				CLANG_WARN__DUPLICATE_METHOD_MATCH = YES;
				CODE_SIGN_IDENTITY = "iPhone Developer";
				COPY_PHASE_STRIP = NO;
				DEBUG_INFORMATION_FORMAT = dwarf;
				ENABLE_STRICT_OBJC_MSGSEND = YES;
				ENABLE_TESTABILITY = YES;
				GCC_C_LANGUAGE_STANDARD = gnu11;
				GCC_DYNAMIC_NO_PIC = NO;
				GCC_NO_COMMON_BLOCKS = YES;
				GCC_OPTIMIZATION_LEVEL = 0;
				GCC_PREPROCESSOR_DEFINITIONS = (
					"DEBUG=1",
					"$(inherited)",
				);
				GCC_WARN_64_TO_32_BIT_CONVERSION = YES;
				GCC_WARN_ABOUT_RETURN_TYPE = YES_ERROR;
				GCC_WARN_UNDECLARED_SELECTOR = YES;
				GCC_WARN_UNINITIALIZED_AUTOS = YES_AGGRESSIVE;
				GCC_WARN_UNUSED_FUNCTION = YES;
				GCC_WARN_UNUSED_VARIABLE = YES;
				IPHONEOS_DEPLOYMENT_TARGET = 10.0;
				MTL_ENABLE_DEBUG_INFO = YES;
				ONLY_ACTIVE_ARCH = YES;
				SDKROOT = iphoneos;
				SWIFT_ACTIVE_COMPILATION_CONDITIONS = DEBUG;
				SWIFT_OPTIMIZATION_LEVEL = "-Onone";
			};
			name = Debug;
		};
		6320EED41F88B80C005EC9E9 /* Release */ = {
			isa = XCBuildConfiguration;
			buildSettings = {
				ALWAYS_SEARCH_USER_PATHS = NO;
				CLANG_ANALYZER_NONNULL = YES;
				CLANG_ANALYZER_NUMBER_OBJECT_CONVERSION = YES_AGGRESSIVE;
				CLANG_CXX_LANGUAGE_STANDARD = "gnu++14";
				CLANG_CXX_LIBRARY = "libc++";
				CLANG_ENABLE_MODULES = YES;
				CLANG_ENABLE_OBJC_ARC = YES;
				CLANG_WARN_BLOCK_CAPTURE_AUTORELEASING = YES;
				CLANG_WARN_BOOL_CONVERSION = YES;
				CLANG_WARN_COMMA = YES;
				CLANG_WARN_CONSTANT_CONVERSION = YES;
				CLANG_WARN_DIRECT_OBJC_ISA_USAGE = YES_ERROR;
				CLANG_WARN_DOCUMENTATION_COMMENTS = YES;
				CLANG_WARN_EMPTY_BODY = YES;
				CLANG_WARN_ENUM_CONVERSION = YES;
				CLANG_WARN_INFINITE_RECURSION = YES;
				CLANG_WARN_INT_CONVERSION = YES;
				CLANG_WARN_NON_LITERAL_NULL_CONVERSION = YES;
				CLANG_WARN_OBJC_LITERAL_CONVERSION = YES;
				CLANG_WARN_OBJC_ROOT_CLASS = YES_ERROR;
				CLANG_WARN_RANGE_LOOP_ANALYSIS = YES;
				CLANG_WARN_STRICT_PROTOTYPES = YES;
				CLANG_WARN_SUSPICIOUS_MOVE = YES;
				CLANG_WARN_UNGUARDED_AVAILABILITY = YES_AGGRESSIVE;
				CLANG_WARN_UNREACHABLE_CODE = YES;
				CLANG_WARN__DUPLICATE_METHOD_MATCH = YES;
				CODE_SIGN_IDENTITY = "iPhone Developer";
				COPY_PHASE_STRIP = NO;
				DEBUG_INFORMATION_FORMAT = "dwarf-with-dsym";
				ENABLE_NS_ASSERTIONS = NO;
				ENABLE_STRICT_OBJC_MSGSEND = YES;
				GCC_C_LANGUAGE_STANDARD = gnu11;
				GCC_NO_COMMON_BLOCKS = YES;
				GCC_WARN_64_TO_32_BIT_CONVERSION = YES;
				GCC_WARN_ABOUT_RETURN_TYPE = YES_ERROR;
				GCC_WARN_UNDECLARED_SELECTOR = YES;
				GCC_WARN_UNINITIALIZED_AUTOS = YES_AGGRESSIVE;
				GCC_WARN_UNUSED_FUNCTION = YES;
				GCC_WARN_UNUSED_VARIABLE = YES;
				IPHONEOS_DEPLOYMENT_TARGET = 10.0;
				MTL_ENABLE_DEBUG_INFO = NO;
				SDKROOT = iphoneos;
				SWIFT_OPTIMIZATION_LEVEL = "-Owholemodule";
				VALIDATE_PRODUCT = YES;
			};
			name = Release;
		};
		6320EED61F88B80C005EC9E9 /* Debug */ = {
			isa = XCBuildConfiguration;
			baseConfigurationReference = BCE946EE7AD49B988DDCA3D2 /* Pods-DogDay.debug.xcconfig */;
			buildSettings = {
				ASSETCATALOG_COMPILER_APPICON_NAME = AppIcon;
				CODE_SIGN_STYLE = Automatic;
				DEVELOPMENT_TEAM = 9798FKV9BN;
				INFOPLIST_FILE = DogDay/Info.plist;
				IPHONEOS_DEPLOYMENT_TARGET = 10.0;
				LD_RUNPATH_SEARCH_PATHS = "$(inherited) @executable_path/Frameworks";
				PRODUCT_BUNDLE_IDENTIFIER = io.github.lyhonghwa.DogDay;
				PRODUCT_NAME = "$(TARGET_NAME)";
				SWIFT_VERSION = 4.0;
				TARGETED_DEVICE_FAMILY = 1;
			};
			name = Debug;
		};
		6320EED71F88B80C005EC9E9 /* Release */ = {
			isa = XCBuildConfiguration;
			baseConfigurationReference = 413BAAB4A9469E9A5BE4144A /* Pods-DogDay.release.xcconfig */;
			buildSettings = {
				ASSETCATALOG_COMPILER_APPICON_NAME = AppIcon;
				CODE_SIGN_STYLE = Automatic;
				DEVELOPMENT_TEAM = 9798FKV9BN;
				INFOPLIST_FILE = DogDay/Info.plist;
				IPHONEOS_DEPLOYMENT_TARGET = 10.0;
				LD_RUNPATH_SEARCH_PATHS = "$(inherited) @executable_path/Frameworks";
				PRODUCT_BUNDLE_IDENTIFIER = io.github.lyhonghwa.DogDay;
				PRODUCT_NAME = "$(TARGET_NAME)";
				SWIFT_VERSION = 4.0;
				TARGETED_DEVICE_FAMILY = 1;
			};
			name = Release;
		};
/* End XCBuildConfiguration section */

/* Begin XCConfigurationList section */
		6320EEBE1F88B80B005EC9E9 /* Build configuration list for PBXProject "DogDay" */ = {
			isa = XCConfigurationList;
			buildConfigurations = (
				6320EED31F88B80C005EC9E9 /* Debug */,
				6320EED41F88B80C005EC9E9 /* Release */,
			);
			defaultConfigurationIsVisible = 0;
			defaultConfigurationName = Release;
		};
		6320EED51F88B80C005EC9E9 /* Build configuration list for PBXNativeTarget "DogDay" */ = {
			isa = XCConfigurationList;
			buildConfigurations = (
				6320EED61F88B80C005EC9E9 /* Debug */,
				6320EED71F88B80C005EC9E9 /* Release */,
			);
			defaultConfigurationIsVisible = 0;
			defaultConfigurationName = Release;
		};
/* End XCConfigurationList section */
	};
	rootObject = 6320EEBB1F88B80B005EC9E9 /* Project object */;
}
