PODS:
  - GoogleAnalytics (3.17.0)
  - SwipeCellKit (2.0.0)

DEPENDENCIES:
  - GoogleAnalytics
  - SwipeCellKit

SPEC CHECKSUMS:
  GoogleAnalytics: f42cc53a87a51fe94334821868d9c8481ff47a7b
  SwipeCellKit: 349c61ffde96ac3ae51c2691a03e421b5b29ee98

PODFILE CHECKSUM: 3bc9781c4b82369581a9af74086e88429b5bc952

COCOAPODS: 1.4.0
